<?xml version="1.0" encoding="utf-8"?>
<Project ToolsVersion="4.0" xmlns="http://schemas.microsoft.com/developer/msbuild/2003">
  <ItemGroup>
    <Filter Include="Source Files">
      <UniqueIdentifier>{4FC737F1-C7A5-4376-A066-2A32D752A2FF}</UniqueIdentifier>
      <Extensions>cpp;c;cc;cxx;def;odl;idl;hpj;bat;asm;asmx</Extensions>
    </Filter>
    <Filter Include="Header Files">
      <UniqueIdentifier>{93995380-89BD-4b04-88EB-625FBE52EBFB}</UniqueIdentifier>
      <Extensions>h;hpp;hxx;hm;inl;inc;xsd</Extensions>
    </Filter>
    <Filter Include="Resource Files">
      <UniqueIdentifier>{67DA6AB6-F800-4c08-8B7A-83BB121AAD01}</UniqueIdentifier>
      <Extensions>rc;ico;cur;bmp;dlg;rc2;rct;bin;rgs;gif;jpg;jpeg;jpe;resx;tiff;tif;png;wav;mfcribbon-ms</Extensions>
    </Filter>
    <Filter Include="Core">
      <UniqueIdentifier>{143e3918-ebd4-41c3-946e-e04b17e63582}</UniqueIdentifier>
    </Filter>
  </ItemGroup>
  <ItemGroup>
    <ClInclude Include="src\scene.h">
      <Filter>Header Files</Filter>
    </ClInclude>
    <ClInclude Include="src\obj_loader.h">
      <Filter>Header Files</Filter>
    </ClInclude>
    <ClInclude Include="src\Core\app.h">
      <Filter>Core</Filter>
    </ClInclude>
    <ClInclude Include="src\Core\buffer_object.h">
      <Filter>Core</Filter>
    </ClInclude>
    <ClInclude Include="src\Core\camera.h">
      <Filter>Core</Filter>
    </ClInclude>
    <ClInclude Include="src\Core\color.h">
      <Filter>Core</Filter>
    </ClInclude>
    <ClInclude Include="src\Core\input.h">
      <Filter>Core</Filter>
    </ClInclude>
    <ClInclude Include="src\Core\matrix_stack.h">
      <Filter>Core</Filter>
    </ClInclude>
    <ClInclude Include="src\Core\mesh.h">
      <Filter>Core</Filter>
    </ClInclude>
    <ClInclude Include="src\Core\polygon.h">
      <Filter>Core</Filter>
    </ClInclude>
    <ClInclude Include="src\Core\shader.h">
      <Filter>Core</Filter>
    </ClInclude>
    <ClInclude Include="src\Core\shapes.h">
      <Filter>Core</Filter>
    </ClInclude>
    <ClInclude Include="src\Core\vertex.h">
      <Filter>Core</Filter>
    </ClInclude>
    <ClInclude Include="src\Core\window.h">
      <Filter>Core</Filter>
    </ClInclude>
    <ClInclude Include="src\Core\debug.h">
      <Filter>Core</Filter>
    </ClInclude>
    <ClInclude Include="src\opening.h">
      <Filter>Header Files</Filter>
    </ClInclude>
    <ClInclude Include="src\Core\texture.h">
      <Filter>Core</Filter>
    </ClInclude>
    <ClInclude Include="src\text2d.h">
      <Filter>Header Files</Filter>
    </ClInclude>
  </ItemGroup>
  <ItemGroup>
    <ClCompile Include="src\main.cpp">
      <Filter>Source Files</Filter>
    </ClCompile>
    <ClCompile Include="src\scene.cpp">
      <Filter>Source Files</Filter>
    </ClCompile>
    <ClCompile Include="src\Core\app.cpp">
      <Filter>Core</Filter>
    </ClCompile>
    <ClCompile Include="src\Core\buffer_object.cpp">
      <Filter>Core</Filter>
    </ClCompile>
    <ClCompile Include="src\Core\camera.cpp">
      <Filter>Core</Filter>
    </ClCompile>
    <ClCompile Include="src\Core\color.cpp">
      <Filter>Core</Filter>
    </ClCompile>
    <ClCompile Include="src\Core\input.cpp">
      <Filter>Core</Filter>
    </ClCompile>
    <ClCompile Include="src\Core\matrix_stack.cpp">
      <Filter>Core</Filter>
    </ClCompile>
    <ClCompile Include="src\Core\mesh.cpp">
      <Filter>Core</Filter>
    </ClCompile>
    <ClCompile Include="src\Core\polygon.cpp">
      <Filter>Core</Filter>
    </ClCompile>
    <ClCompile Include="src\Core\shader.cpp">
      <Filter>Core</Filter>
    </ClCompile>
    <ClCompile Include="src\Core\shapes.cpp">
      <Filter>Core</Filter>
    </ClCompile>
    <ClCompile Include="src\Core\vertex.cpp">
      <Filter>Core</Filter>
    </ClCompile>
    <ClCompile Include="src\Core\window.cpp">
      <Filter>Core</Filter>
    </ClCompile>
    <ClCompile Include="src\opening.cpp">
      <Filter>Source Files</Filter>
    </ClCompile>
    <ClCompile Include="src\Core\texture.cpp">
      <Filter>Core</Filter>
    </ClCompile>
    <ClCompile Include="src\text2d.cpp">
      <Filter>Source Files</Filter>
    </ClCompile>
  </ItemGroup>
</Project>