<?xml version="1.0" encoding="utf-8"?>
<Project ToolsVersion="4.0" xmlns="http://schemas.microsoft.com/developer/msbuild/2003">
  <ItemGroup>
    <Filter Include="Source Files">
      <UniqueIdentifier>{4FC737F1-C7A5-4376-A066-2A32D752A2FF}</UniqueIdentifier>
      <Extensions>cpp;c;cc;cxx;def;odl;idl;hpj;bat;asm;asmx</Extensions>
    </Filter>
    <Filter Include="Header Files">
      <UniqueIdentifier>{93995380-89BD-4b04-88EB-625FBE52EBFB}</UniqueIdentifier>
      <Extensions>h;hpp;hxx;hm;inl;inc;xsd</Extensions>
    </Filter>
    <Filter Include="Resource Files">
      <UniqueIdentifier>{67DA6AB6-F800-4c08-8B7A-83BB121AAD01}</UniqueIdentifier>
      <Extensions>rc;ico;cur;bmp;dlg;rc2;rct;bin;rgs;gif;jpg;jpeg;jpe;resx;tiff;tif;png;wav;mfcribbon-ms</Extensions>
    </Filter>
    <Filter Include="Core">
      <UniqueIdentifier>{143e3918-ebd4-41c3-946e-e04b17e63582}</UniqueIdentifier>
    </Filter>
    <Filter Include="Core\Platform">
      <UniqueIdentifier>{f0bda671-2e9b-4a51-9e88-ae4e3020cccc}</UniqueIdentifier>
    </Filter>
    <Filter Include="Core\Resources">
      <UniqueIdentifier>{ba292ff5-6968-4d64-bccf-f087b1127e7d}</UniqueIdentifier>
    </Filter>
    <Filter Include="Core\Geometry">
      <UniqueIdentifier>{71687314-65bb-4ff0-8354-4d0ee40903dc}</UniqueIdentifier>
    </Filter>
    <Filter Include="Core\GPU">
      <UniqueIdentifier>{636abe2d-e012-4e32-99f0-e3e40ffc5041}</UniqueIdentifier>
    </Filter>
    <Filter Include="Core\Assets">
      <UniqueIdentifier>{cafabe83-734e-4c37-ba31-23e5fac8526c}</UniqueIdentifier>
    </Filter>
    <Filter Include="Core\Resources\STB">
      <UniqueIdentifier>{c7350a78-7bc1-414e-851d-39901dd20860}</UniqueIdentifier>
    </Filter>
  </ItemGroup>
  <ItemGroup>
    <ClInclude Include="src\Core\Camera.h">
      <Filter>Core</Filter>
    </ClInclude>
    <ClInclude Include="src\Core\MatrixStack.h">
      <Filter>Core</Filter>
    </ClInclude>
    <ClInclude Include="src\Core\Vertex.h">
      <Filter>Core</Filter>
    </ClInclude>
    <ClInclude Include="src\Core\App.h">
      <Filter>Core\Platform</Filter>
    </ClInclude>
    <ClInclude Include="src\Opening.h">
      <Filter>Header Files</Filter>
    </ClInclude>
    <ClInclude Include="src\Core\Utils.h">
      <Filter>Core</Filter>
    </ClInclude>
    <ClInclude Include="src\Core\Color.h">
      <Filter>Core</Filter>
    </ClInclude>
    <ClInclude Include="src\Core\ResourceModule.h">
      <Filter>Core\Resources</Filter>
    </ClInclude>
    <ClInclude Include="src\Core\Resource.h">
      <Filter>Core\Resources</Filter>
    </ClInclude>
    <ClInclude Include="src\Core\Image.h">
      <Filter>Core\Resources</Filter>
    </ClInclude>
    <ClInclude Include="src\Core\ImageRef.h">
      <Filter>Core\Resources</Filter>
    </ClInclude>
    <ClInclude Include="src\Core\Window.h">
      <Filter>Core\Platform</Filter>
    </ClInclude>
    <ClInclude Include="src\Core\Input.h">
      <Filter>Core\Platform</Filter>
    </ClInclude>
    <ClInclude Include="src\Core\Mesh.h">
      <Filter>Core\Geometry</Filter>
    </ClInclude>
    <ClInclude Include="src\Core\Shapes.h">
      <Filter>Core\Geometry</Filter>
    </ClInclude>
    <ClInclude Include="src\Core\ShaderSource.h">
      <Filter>Core\Resources</Filter>
    </ClInclude>
    <ClInclude Include="src\Core\ShaderRef.h">
      <Filter>Core\Resources</Filter>
    </ClInclude>
    <ClInclude Include="src\Core\GPUKernel.h">
      <Filter>Core\GPU</Filter>
    </ClInclude>
    <ClInclude Include="src\Core\Texture2.h">
      <Filter>Core\Assets</Filter>
    </ClInclude>
    <ClInclude Include="src\Core\GPUProgram.h">
      <Filter>Core\GPU</Filter>
    </ClInclude>
    <ClInclude Include="src\Core\Settings.h">
      <Filter>Core</Filter>
    </ClInclude>
    <ClInclude Include="src\Core\Indexer.h">
      <Filter>Core\Geometry</Filter>
    </ClInclude>
    <ClInclude Include="src\Core\OBJLoader.h">
      <Filter>Core\Geometry</Filter>
    </ClInclude>
    <ClInclude Include="src\Core\stb_truetype.h">
      <Filter>Core\Resources\STB</Filter>
    </ClInclude>
    <ClInclude Include="src\Core\stb_image.hpp">
      <Filter>Core\Resources\STB</Filter>
    </ClInclude>
    <ClInclude Include="src\Core\Plane.h">
      <Filter>Core\Geometry</Filter>
    </ClInclude>
    <ClInclude Include="src\Core\VertexArray.h">
      <Filter>Core\GPU</Filter>
    </ClInclude>
    <ClInclude Include="src\Core\BufferObject.h">
      <Filter>Core\GPU</Filter>
    </ClInclude>
  </ItemGroup>
  <ItemGroup>
    <ClCompile Include="src\Core\Camera.cpp">
      <Filter>Core</Filter>
    </ClCompile>
    <ClCompile Include="src\Core\MatrixStack.cpp">
      <Filter>Core</Filter>
    </ClCompile>
    <ClCompile Include="src\Core\Vertex.cpp">
      <Filter>Core</Filter>
    </ClCompile>
    <ClCompile Include="src\Core\App.cpp">
      <Filter>Core\Platform</Filter>
    </ClCompile>
    <ClCompile Include="src\Main.cpp">
      <Filter>Source Files</Filter>
    </ClCompile>
    <ClCompile Include="src\Opening.cpp">
      <Filter>Source Files</Filter>
    </ClCompile>
    <ClCompile Include="src\Core\Color.cpp">
      <Filter>Core</Filter>
    </ClCompile>
    <ClCompile Include="src\Core\Resource.cpp">
      <Filter>Core\Resources</Filter>
    </ClCompile>
    <ClCompile Include="src\Core\Image.cpp">
      <Filter>Core\Resources</Filter>
    </ClCompile>
    <ClCompile Include="src\Core\Window.cpp">
      <Filter>Core\Platform</Filter>
    </ClCompile>
    <ClCompile Include="src\Core\Input.cpp">
      <Filter>Core\Platform</Filter>
    </ClCompile>
    <ClCompile Include="src\Core\Mesh.cpp">
      <Filter>Core\Geometry</Filter>
    </ClCompile>
    <ClCompile Include="src\Core\Shapes.cpp">
      <Filter>Core\Geometry</Filter>
    </ClCompile>
    <ClCompile Include="src\Core\ShaderSource.cpp">
      <Filter>Core\Resources</Filter>
    </ClCompile>
    <ClCompile Include="src\Core\Texture2.cpp">
      <Filter>Core\Assets</Filter>
    </ClCompile>
    <ClCompile Include="src\Core\GPUKernel.cpp">
      <Filter>Core\GPU</Filter>
    </ClCompile>
    <ClCompile Include="src\Core\GPUProgram.cpp">
      <Filter>Core\GPU</Filter>
    </ClCompile>
    <ClCompile Include="src\Core\Indexer.cpp">
      <Filter>Core\Geometry</Filter>
    </ClCompile>
    <ClCompile Include="src\Core\OBJLoader.cpp">
      <Filter>Core\Geometry</Filter>
    </ClCompile>
    <ClCompile Include="src\Core\stb_image.cpp">
      <Filter>Core\Resources\STB</Filter>
    </ClCompile>
    <ClCompile Include="..\..\..\Libs\gl3w\src\gl3w.c">
      <Filter>Core</Filter>
    </ClCompile>
    <ClCompile Include="src\Core\Plane.cpp">
      <Filter>Core\Geometry</Filter>
    </ClCompile>
  </ItemGroup>
</Project>